
Microsoft Visual Studio Solution File, Format Version 12.00
# Visual Studio Version 17
VisualStudioVersion = 17.11.35327.3
MinimumVisualStudioVersion = 10.0.40219.1
Project("{9A19103F-16F7-4668-BE54-9A1E7A4F7556}") = "DeliveryApp", "DeliveryApp\DeliveryApp.csproj", "{DC173956-FEDF-435F-A2B6-E676237B9FD4}"
EndProject
Project("{FAE04EC0-301F-11D3-BF4B-00C04F79EFBC}") = "DeliveryWebApp", "DeliveryWebApp\DeliveryWebApp.csproj", "{8337D56A-CF4F-4602-9913-19D5EB896941}"
EndProject
Global
	GlobalSection(SolutionConfigurationPlatforms) = preSolution
		Debug|Any CPU = Debug|Any CPU
		Release|Any CPU = Release|Any CPU
	EndGlobalSection
	GlobalSection(ProjectConfigurationPlatforms) = postSolution
		{DC173956-FEDF-435F-A2B6-E676237B9FD4}.Debug|Any CPU.ActiveCfg = Debug|Any CPU
		{DC173956-FEDF-435F-A2B6-E676237B9FD4}.Debug|Any CPU.Build.0 = Debug|Any CPU
		{DC173956-FEDF-435F-A2B6-E676237B9FD4}.Release|Any CPU.ActiveCfg = Release|Any CPU
		{DC173956-FEDF-435F-A2B6-E676237B9FD4}.Release|Any CPU.Build.0 = Release|Any CPU
		{8337D56A-CF4F-4602-9913-19D5EB896941}.Debug|Any CPU.ActiveCfg = Debug|Any CPU
		{8337D56A-CF4F-4602-9913-19D5EB896941}.Debug|Any CPU.Build.0 = Debug|Any CPU
		{8337D56A-CF4F-4602-9913-19D5EB896941}.Release|Any CPU.ActiveCfg = Release|Any CPU
		{8337D56A-CF4F-4602-9913-19D5EB896941}.Release|Any CPU.Build.0 = Release|Any CPU
	EndGlobalSection
	GlobalSection(SolutionProperties) = preSolution
		HideSolutionNode = FALSE
	EndGlobalSection
	GlobalSection(ExtensibilityGlobals) = postSolution
		SolutionGuid = {BE343B3F-EE93-4589-8389-DCB2707177D0}
	EndGlobalSection
EndGlobal
